// !$*UTF8*$!
{
	archiveVersion = 1;
	classes = {
	};
	objectVersion = 46;
	objects = {

/* Begin PBXBuildFile section */
		8510F42D1EC28AC300A030A1 /* AppDelegate.swift in Sources */ = {isa = PBXBuildFile; fileRef = 8510F42C1EC28AC300A030A1 /* AppDelegate.swift */; };
		8510F42F1EC28AC300A030A1 /* ViewController.swift in Sources */ = {isa = PBXBuildFile; fileRef = 8510F42E1EC28AC300A030A1 /* ViewController.swift */; };
		8510F4321EC28AC300A030A1 /* Main.storyboard in Resources */ = {isa = PBXBuildFile; fileRef = 8510F4301EC28AC300A030A1 /* Main.storyboard */; };
		8510F4341EC28AC300A030A1 /* Assets.xcassets in Resources */ = {isa = PBXBuildFile; fileRef = 8510F4331EC28AC300A030A1 /* Assets.xcassets */; };
		8510F4371EC28AC300A030A1 /* LaunchScreen.storyboard in Resources */ = {isa = PBXBuildFile; fileRef = 8510F4351EC28AC300A030A1 /* LaunchScreen.storyboard */; };
		8510F4421EC28AC300A030A1 /* tictactoeTests.swift in Sources */ = {isa = PBXBuildFile; fileRef = 8510F4411EC28AC300A030A1 /* tictactoeTests.swift */; };
		8510F44D1EC28AC300A030A1 /* tictactoeUITests.swift in Sources */ = {isa = PBXBuildFile; fileRef = 8510F44C1EC28AC300A030A1 /* tictactoeUITests.swift */; };
/* End PBXBuildFile section */

/* Begin PBXContainerItemProxy section */
		8510F43E1EC28AC300A030A1 /* PBXContainerItemProxy */ = {
			isa = PBXContainerItemProxy;
			containerPortal = 8510F4211EC28AC300A030A1 /* Project object */;
			proxyType = 1;
			remoteGlobalIDString = 8510F4281EC28AC300A030A1;
			remoteInfo = tictactoe;
		};
		8510F4491EC28AC300A030A1 /* PBXContainerItemProxy */ = {
			isa = PBXContainerItemProxy;
			containerPortal = 8510F4211EC28AC300A030A1 /* Project object */;
			proxyType = 1;
			remoteGlobalIDString = 8510F4281EC28AC300A030A1;
			remoteInfo = tictactoe;
		};
/* End PBXContainerItemProxy section */

/* Begin PBXFileReference section */
		8510F4291EC28AC300A030A1 /* tictactoe.app */ = {isa = PBXFileReference; explicitFileType = wrapper.application; includeInIndex = 0; path = tictactoe.app; sourceTree = BUILT_PRODUCTS_DIR; };
		8510F42C1EC28AC300A030A1 /* AppDelegate.swift */ = {isa = PBXFileReference; lastKnownFileType = sourcecode.swift; path = AppDelegate.swift; sourceTree = "<group>"; };
		8510F42E1EC28AC300A030A1 /* ViewController.swift */ = {isa = PBXFileReference; lastKnownFileType = sourcecode.swift; path = ViewController.swift; sourceTree = "<group>"; };
		8510F4311EC28AC300A030A1 /* Base */ = {isa = PBXFileReference; lastKnownFileType = file.storyboard; name = Base; path = Base.lproj/Main.storyboard; sourceTree = "<group>"; };
		8510F4331EC28AC300A030A1 /* Assets.xcassets */ = {isa = PBXFileReference; lastKnownFileType = folder.assetcatalog; path = Assets.xcassets; sourceTree = "<group>"; };
		8510F4361EC28AC300A030A1 /* Base */ = {isa = PBXFileReference; lastKnownFileType = file.storyboard; name = Base; path = Base.lproj/LaunchScreen.storyboard; sourceTree = "<group>"; };
		8510F4381EC28AC300A030A1 /* Info.plist */ = {isa = PBXFileReference; lastKnownFileType = text.plist.xml; path = Info.plist; sourceTree = "<group>"; };
		8510F43D1EC28AC300A030A1 /* tictactoeTests.xctest */ = {isa = PBXFileReference; explicitFileType = wrapper.cfbundle; includeInIndex = 0; path = tictactoeTests.xctest; sourceTree = BUILT_PRODUCTS_DIR; };
		8510F4411EC28AC300A030A1 /* tictactoeTests.swift */ = {isa = PBXFileReference; lastKnownFileType = sourcecode.swift; path = tictactoeTests.swift; sourceTree = "<group>"; };
		8510F4431EC28AC300A030A1 /* Info.plist */ = {isa = PBXFileReference; lastKnownFileType = text.plist.xml; path = Info.plist; sourceTree = "<group>"; };
		8510F4481EC28AC300A030A1 /* tictactoeUITests.xctest */ = {isa = PBXFileReference; explicitFileType = wrapper.cfbundle; includeInIndex = 0; path = tictactoeUITests.xctest; sourceTree = BUILT_PRODUCTS_DIR; };
		8510F44C1EC28AC300A030A1 /* tictactoeUITests.swift */ = {isa = PBXFileReference; lastKnownFileType = sourcecode.swift; path = tictactoeUITests.swift; sourceTree = "<group>"; };
		8510F44E1EC28AC300A030A1 /* Info.plist */ = {isa = PBXFileReference; lastKnownFileType = text.plist.xml; path = Info.plist; sourceTree = "<group>"; };
/* End PBXFileReference section */

/* Begin PBXFrameworksBuildPhase section */
		8510F4261EC28AC300A030A1 /* Frameworks */ = {
			isa = PBXFrameworksBuildPhase;
			buildActionMask = 2147483647;
			files = (
			);
			runOnlyForDeploymentPostprocessing = 0;
		};
		8510F43A1EC28AC300A030A1 /* Frameworks */ = {
			isa = PBXFrameworksBuildPhase;
			buildActionMask = 2147483647;
			files = (
			);
			runOnlyForDeploymentPostprocessing = 0;
		};
		8510F4451EC28AC300A030A1 /* Frameworks */ = {
			isa = PBXFrameworksBuildPhase;
			buildActionMask = 2147483647;
			files = (
			);
			runOnlyForDeploymentPostprocessing = 0;
		};
/* End PBXFrameworksBuildPhase section */

/* Begin PBXGroup section */
		8510F4201EC28AC300A030A1 = {
			isa = PBXGroup;
			children = (
				8510F42B1EC28AC300A030A1 /* tictactoe */,
				8510F4401EC28AC300A030A1 /* tictactoeTests */,
				8510F44B1EC28AC300A030A1 /* tictactoeUITests */,
				8510F42A1EC28AC300A030A1 /* Products */,
			);
			sourceTree = "<group>";
		};
		8510F42A1EC28AC300A030A1 /* Products */ = {
			isa = PBXGroup;
			children = (
				8510F4291EC28AC300A030A1 /* tictactoe.app */,
				8510F43D1EC28AC300A030A1 /* tictactoeTests.xctest */,
				8510F4481EC28AC300A030A1 /* tictactoeUITests.xctest */,
			);
			name = Products;
			sourceTree = "<group>";
		};
		8510F42B1EC28AC300A030A1 /* tictactoe */ = {
			isa = PBXGroup;
			children = (
				8510F42C1EC28AC300A030A1 /* AppDelegate.swift */,
				8510F42E1EC28AC300A030A1 /* ViewController.swift */,
				8510F4301EC28AC300A030A1 /* Main.storyboard */,
				8510F4331EC28AC300A030A1 /* Assets.xcassets */,
				8510F4351EC28AC300A030A1 /* LaunchScreen.storyboard */,
				8510F4381EC28AC300A030A1 /* Info.plist */,
			);
			path = tictactoe;
			sourceTree = "<group>";
		};
		8510F4401EC28AC300A030A1 /* tictactoeTests */ = {
			isa = PBXGroup;
			children = (
				8510F4411EC28AC300A030A1 /* tictactoeTests.swift */,
				8510F4431EC28AC300A030A1 /* Info.plist */,
			);
			path = tictactoeTests;
			sourceTree = "<group>";
		};
		8510F44B1EC28AC300A030A1 /* tictactoeUITests */ = {
			isa = PBXGroup;
			children = (
				8510F44C1EC28AC300A030A1 /* tictactoeUITests.swift */,
				8510F44E1EC28AC300A030A1 /* Info.plist */,
			);
			path = tictactoeUITests;
			sourceTree = "<group>";
		};
/* End PBXGroup section */

/* Begin PBXNativeTarget section */
		8510F4281EC28AC300A030A1 /* tictactoe */ = {
			isa = PBXNativeTarget;
			buildConfigurationList = 8510F4511EC28AC300A030A1 /* Build configuration list for PBXNativeTarget "tictactoe" */;
			buildPhases = (
				8510F4251EC28AC300A030A1 /* Sources */,
				8510F4261EC28AC300A030A1 /* Frameworks */,
				8510F4271EC28AC300A030A1 /* Resources */,
			);
			buildRules = (
			);
			dependencies = (
			);
			name = tictactoe;
			productName = tictactoe;
			productReference = 8510F4291EC28AC300A030A1 /* tictactoe.app */;
			productType = "com.apple.product-type.application";
		};
		8510F43C1EC28AC300A030A1 /* tictactoeTests */ = {
			isa = PBXNativeTarget;
			buildConfigurationList = 8510F4541EC28AC300A030A1 /* Build configuration list for PBXNativeTarget "tictactoeTests" */;
			buildPhases = (
				8510F4391EC28AC300A030A1 /* Sources */,
				8510F43A1EC28AC300A030A1 /* Frameworks */,
				8510F43B1EC28AC300A030A1 /* Resources */,
			);
			buildRules = (
			);
			dependencies = (
				8510F43F1EC28AC300A030A1 /* PBXTargetDependency */,
			);
			name = tictactoeTests;
			productName = tictactoeTests;
			productReference = 8510F43D1EC28AC300A030A1 /* tictactoeTests.xctest */;
			productType = "com.apple.product-type.bundle.unit-test";
		};
		8510F4471EC28AC300A030A1 /* tictactoeUITests */ = {
			isa = PBXNativeTarget;
			buildConfigurationList = 8510F4571EC28AC300A030A1 /* Build configuration list for PBXNativeTarget "tictactoeUITests" */;
			buildPhases = (
				8510F4441EC28AC300A030A1 /* Sources */,
				8510F4451EC28AC300A030A1 /* Frameworks */,
				8510F4461EC28AC300A030A1 /* Resources */,
			);
			buildRules = (
			);
			dependencies = (
				8510F44A1EC28AC300A030A1 /* PBXTargetDependency */,
			);
			name = tictactoeUITests;
			productName = tictactoeUITests;
			productReference = 8510F4481EC28AC300A030A1 /* tictactoeUITests.xctest */;
			productType = "com.apple.product-type.bundle.ui-testing";
		};
/* End PBXNativeTarget section */

/* Begin PBXProject section */
		8510F4211EC28AC300A030A1 /* Project object */ = {
			isa = PBXProject;
			attributes = {
				LastSwiftUpdateCheck = 0830;
				LastUpgradeCheck = 0830;
				ORGANIZATIONNAME = "Vineeth Raghunath";
				TargetAttributes = {
					8510F4281EC28AC300A030A1 = {
						CreatedOnToolsVersion = 8.3.2;
						ProvisioningStyle = Automatic;
					};
					8510F43C1EC28AC300A030A1 = {
						CreatedOnToolsVersion = 8.3.2;
						ProvisioningStyle = Automatic;
						TestTargetID = 8510F4281EC28AC300A030A1;
					};
					8510F4471EC28AC300A030A1 = {
						CreatedOnToolsVersion = 8.3.2;
						ProvisioningStyle = Automatic;
						TestTargetID = 8510F4281EC28AC300A030A1;
					};
				};
			};
			buildConfigurationList = 8510F4241EC28AC300A030A1 /* Build configuration list for PBXProject "tictactoe" */;
			compatibilityVersion = "Xcode 3.2";
			developmentRegion = English;
			hasScannedForEncodings = 0;
			knownRegions = (
				en,
				Base,
			);
			mainGroup = 8510F4201EC28AC300A030A1;
			productRefGroup = 8510F42A1EC28AC300A030A1 /* Products */;
			projectDirPath = "";
			projectRoot = "";
			targets = (
				8510F4281EC28AC300A030A1 /* tictactoe */,
				8510F43C1EC28AC300A030A1 /* tictactoeTests */,
				8510F4471EC28AC300A030A1 /* tictactoeUITests */,
			);
		};
/* End PBXProject section */

/* Begin PBXResourcesBuildPhase section */
		8510F4271EC28AC300A030A1 /* Resources */ = {
			isa = PBXResourcesBuildPhase;
			buildActionMask = 2147483647;
			files = (
				8510F4371EC28AC300A030A1 /* LaunchScreen.storyboard in Resources */,
				8510F4341EC28AC300A030A1 /* Assets.xcassets in Resources */,
				8510F4321EC28AC300A030A1 /* Main.storyboard in Resources */,
			);
			runOnlyForDeploymentPostprocessing = 0;
		};
		8510F43B1EC28AC300A030A1 /* Resources */ = {
			isa = PBXResourcesBuildPhase;
			buildActionMask = 2147483647;
			files = (
			);
			runOnlyForDeploymentPostprocessing = 0;
		};
		8510F4461EC28AC300A030A1 /* Resources */ = {
			isa = PBXResourcesBuildPhase;
			buildActionMask = 2147483647;
			files = (
			);
			runOnlyForDeploymentPostprocessing = 0;
		};
/* End PBXResourcesBuildPhase section */

/* Begin PBXSourcesBuildPhase section */
		8510F4251EC28AC300A030A1 /* Sources */ = {
			isa = PBXSourcesBuildPhase;
			buildActionMask = 2147483647;
			files = (
				8510F42F1EC28AC300A030A1 /* ViewController.swift in Sources */,
				8510F42D1EC28AC300A030A1 /* AppDelegate.swift in Sources */,
			);
			runOnlyForDeploymentPostprocessing = 0;
		};
		8510F4391EC28AC300A030A1 /* Sources */ = {
			isa = PBXSourcesBuildPhase;
			buildActionMask = 2147483647;
			files = (
				8510F4421EC28AC300A030A1 /* tictactoeTests.swift in Sources */,
			);
			runOnlyForDeploymentPostprocessing = 0;
		};
		8510F4441EC28AC300A030A1 /* Sources */ = {
			isa = PBXSourcesBuildPhase;
			buildActionMask = 2147483647;
			files = (
				8510F44D1EC28AC300A030A1 /* tictactoeUITests.swift in Sources */,
			);
			runOnlyForDeploymentPostprocessing = 0;
		};
/* End PBXSourcesBuildPhase section */

/* Begin PBXTargetDependency section */
		8510F43F1EC28AC300A030A1 /* PBXTargetDependency */ = {
			isa = PBXTargetDependency;
			target = 8510F4281EC28AC300A030A1 /* tictactoe */;
			targetProxy = 8510F43E1EC28AC300A030A1 /* PBXContainerItemProxy */;
		};
		8510F44A1EC28AC300A030A1 /* PBXTargetDependency */ = {
			isa = PBXTargetDependency;
			target = 8510F4281EC28AC300A030A1 /* tictactoe */;
			targetProxy = 8510F4491EC28AC300A030A1 /* PBXContainerItemProxy */;
		};
/* End PBXTargetDependency section */

/* Begin PBXVariantGroup section */
		8510F4301EC28AC300A030A1 /* Main.storyboard */ = {
			isa = PBXVariantGroup;
			children = (
				8510F4311EC28AC300A030A1 /* Base */,
			);
			name = Main.storyboard;
			sourceTree = "<group>";
		};
		8510F4351EC28AC300A030A1 /* LaunchScreen.storyboard */ = {
			isa = PBXVariantGroup;
			children = (
				8510F4361EC28AC300A030A1 /* Base */,
			);
			name = LaunchScreen.storyboard;
			sourceTree = "<group>";
		};
/* End PBXVariantGroup section */

/* Begin XCBuildConfiguration section */
		8510F44F1EC28AC300A030A1 /* Debug */ = {
			isa = XCBuildConfiguration;
			buildSettings = {
				ALWAYS_SEARCH_USER_PATHS = NO;
				CLANG_ANALYZER_NONNULL = YES;
				CLANG_ANALYZER_NUMBER_OBJECT_CONVERSION = YES_AGGRESSIVE;
				CLANG_CXX_LANGUAGE_STANDARD = "gnu++0x";
				CLANG_CXX_LIBRARY = "libc++";
				CLANG_ENABLE_MODULES = YES;
				CLANG_ENABLE_OBJC_ARC = YES;
				CLANG_WARN_BOOL_CONVERSION = YES;
				CLANG_WARN_CONSTANT_CONVERSION = YES;
				CLANG_WARN_DIRECT_OBJC_ISA_USAGE = YES_ERROR;
				CLANG_WARN_DOCUMENTATION_COMMENTS = YES;
				CLANG_WARN_EMPTY_BODY = YES;
				CLANG_WARN_ENUM_CONVERSION = YES;
				CLANG_WARN_INFINITE_RECURSION = YES;
				CLANG_WARN_INT_CONVERSION = YES;
				CLANG_WARN_OBJC_ROOT_CLASS = YES_ERROR;
				CLANG_WARN_SUSPICIOUS_MOVE = YES;
				CLANG_WARN_UNREACHABLE_CODE = YES;
				CLANG_WARN__DUPLICATE_METHOD_MATCH = YES;
				"CODE_SIGN_IDENTITY[sdk=iphoneos*]" = "iPhone Developer";
				COPY_PHASE_STRIP = NO;
				DEBUG_INFORMATION_FORMAT = dwarf;
				ENABLE_STRICT_OBJC_MSGSEND = YES;
				ENABLE_TESTABILITY = YES;
				GCC_C_LANGUAGE_STANDARD = gnu99;
				GCC_DYNAMIC_NO_PIC = NO;
				GCC_NO_COMMON_BLOCKS = YES;
				GCC_OPTIMIZATION_LEVEL = 0;
				GCC_PREPROCESSOR_DEFINITIONS = (
					"DEBUG=1",
					"$(inherited)",
				);
				GCC_WARN_64_TO_32_BIT_CONVERSION = YES;
				GCC_WARN_ABOUT_RETURN_TYPE = YES_ERROR;
				GCC_WARN_UNDECLARED_SELECTOR = YES;
				GCC_WARN_UNINITIALIZED_AUTOS = YES_AGGRESSIVE;
				GCC_WARN_UNUSED_FUNCTION = YES;
				GCC_WARN_UNUSED_VARIABLE = YES;
				IPHONEOS_DEPLOYMENT_TARGET = 10.3;
				MTL_ENABLE_DEBUG_INFO = YES;
				ONLY_ACTIVE_ARCH = YES;
				SDKROOT = iphoneos;
				SWIFT_ACTIVE_COMPILATION_CONDITIONS = DEBUG;
				SWIFT_OPTIMIZATION_LEVEL = "-Onone";
				TARGETED_DEVICE_FAMILY = "1,2";
			};
			name = Debug;
		};
		8510F4501EC28AC300A030A1 /* Release */ = {
			isa = XCBuildConfiguration;
			buildSettings = {
				ALWAYS_SEARCH_USER_PATHS = NO;
				CLANG_ANALYZER_NONNULL = YES;
				CLANG_ANALYZER_NUMBER_OBJECT_CONVERSION = YES_AGGRESSIVE;
				CLANG_CXX_LANGUAGE_STANDARD = "gnu++0x";
				CLANG_CXX_LIBRARY = "libc++";
				CLANG_ENABLE_MODULES = YES;
				CLANG_ENABLE_OBJC_ARC = YES;
				CLANG_WARN_BOOL_CONVERSION = YES;
				CLANG_WARN_CONSTANT_CONVERSION = YES;
				CLANG_WARN_DIRECT_OBJC_ISA_USAGE = YES_ERROR;
				CLANG_WARN_DOCUMENTATION_COMMENTS = YES;
				CLANG_WARN_EMPTY_BODY = YES;
				CLANG_WARN_ENUM_CONVERSION = YES;
				CLANG_WARN_INFINITE_RECURSION = YES;
				CLANG_WARN_INT_CONVERSION = YES;
				CLANG_WARN_OBJC_ROOT_CLASS = YES_ERROR;
				CLANG_WARN_SUSPICIOUS_MOVE = YES;
				CLANG_WARN_UNREACHABLE_CODE = YES;
				CLANG_WARN__DUPLICATE_METHOD_MATCH = YES;
				"CODE_SIGN_IDENTITY[sdk=iphoneos*]" = "iPhone Developer";
				COPY_PHASE_STRIP = NO;
				DEBUG_INFORMATION_FORMAT = "dwarf-with-dsym";
				ENABLE_NS_ASSERTIONS = NO;
				ENABLE_STRICT_OBJC_MSGSEND = YES;
				GCC_C_LANGUAGE_STANDARD = gnu99;
				GCC_NO_COMMON_BLOCKS = YES;
				GCC_WARN_64_TO_32_BIT_CONVERSION = YES;
				GCC_WARN_ABOUT_RETURN_TYPE = YES_ERROR;
				GCC_WARN_UNDECLARED_SELECTOR = YES;
				GCC_WARN_UNINITIALIZED_AUTOS = YES_AGGRESSIVE;
				GCC_WARN_UNUSED_FUNCTION = YES;
				GCC_WARN_UNUSED_VARIABLE = YES;
				IPHONEOS_DEPLOYMENT_TARGET = 10.3;
				MTL_ENABLE_DEBUG_INFO = NO;
				SDKROOT = iphoneos;
				SWIFT_OPTIMIZATION_LEVEL = "-Owholemodule";
				TARGETED_DEVICE_FAMILY = "1,2";
				VALIDATE_PRODUCT = YES;
			};
			name = Release;
		};
		8510F4521EC28AC300A030A1 /* Debug */ = {
			isa = XCBuildConfiguration;
			buildSettings = {
				ASSETCATALOG_COMPILER_APPICON_NAME = AppIcon;
				INFOPLIST_FILE = tictactoe/Info.plist;
				LD_RUNPATH_SEARCH_PATHS = "$(inherited) @executable_path/Frameworks";
				PRODUCT_BUNDLE_IDENTIFIER = com.vinny315.tictactoe;
				PRODUCT_NAME = "$(TARGET_NAME)";
				SWIFT_VERSION = 3.0;
			};
			name = Debug;
		};
		8510F4531EC28AC300A030A1 /* Release */ = {
			isa = XCBuildConfiguration;
			buildSettings = {
				ASSETCATALOG_COMPILER_APPICON_NAME = AppIcon;
				INFOPLIST_FILE = tictactoe/Info.plist;
				LD_RUNPATH_SEARCH_PATHS = "$(inherited) @executable_path/Frameworks";
				PRODUCT_BUNDLE_IDENTIFIER = com.vinny315.tictactoe;
				PRODUCT_NAME = "$(TARGET_NAME)";
				SWIFT_VERSION = 3.0;
			};
			name = Release;
		};
		8510F4551EC28AC300A030A1 /* Debug */ = {
			isa = XCBuildConfiguration;
			buildSettings = {
				ALWAYS_EMBED_SWIFT_STANDARD_LIBRARIES = YES;
				BUNDLE_LOADER = "$(TEST_HOST)";
				INFOPLIST_FILE = tictactoeTests/Info.plist;
				LD_RUNPATH_SEARCH_PATHS = "$(inherited) @executable_path/Frameworks @loader_path/Frameworks";
				PRODUCT_BUNDLE_IDENTIFIER = com.vinny315.tictactoeTests;
				PRODUCT_NAME = "$(TARGET_NAME)";
				SWIFT_VERSION = 3.0;
				TEST_HOST = "$(BUILT_PRODUCTS_DIR)/tictactoe.app/tictactoe";
			};
			name = Debug;
		};
		8510F4561EC28AC300A030A1 /* Release */ = {
			isa = XCBuildConfiguration;
			buildSettings = {
				ALWAYS_EMBED_SWIFT_STANDARD_LIBRARIES = YES;
				BUNDLE_LOADER = "$(TEST_HOST)";
				INFOPLIST_FILE = tictactoeTests/Info.plist;
				LD_RUNPATH_SEARCH_PATHS = "$(inherited) @executable_path/Frameworks @loader_path/Frameworks";
				PRODUCT_BUNDLE_IDENTIFIER = com.vinny315.tictactoeTests;
				PRODUCT_NAME = "$(TARGET_NAME)";
				SWIFT_VERSION = 3.0;
				TEST_HOST = "$(BUILT_PRODUCTS_DIR)/tictactoe.app/tictactoe";
			};
			name = Release;
		};
		8510F4581EC28AC300A030A1 /* Debug */ = {
			isa = XCBuildConfiguration;
			buildSettings = {
				ALWAYS_EMBED_SWIFT_STANDARD_LIBRARIES = YES;
				INFOPLIST_FILE = tictactoeUITests/Info.plist;
				LD_RUNPATH_SEARCH_PATHS = "$(inherited) @executable_path/Frameworks @loader_path/Frameworks";
				PRODUCT_BUNDLE_IDENTIFIER = com.vinny315.tictactoeUITests;
				PRODUCT_NAME = "$(TARGET_NAME)";
				SWIFT_VERSION = 3.0;
				TEST_TARGET_NAME = tictactoe;
			};
			name = Debug;
		};
		8510F4591EC28AC300A030A1 /* Release */ = {
			isa = XCBuildConfiguration;
			buildSettings = {
				ALWAYS_EMBED_SWIFT_STANDARD_LIBRARIES = YES;
				INFOPLIST_FILE = tictactoeUITests/Info.plist;
				LD_RUNPATH_SEARCH_PATHS = "$(inherited) @executable_path/Frameworks @loader_path/Frameworks";
				PRODUCT_BUNDLE_IDENTIFIER = com.vinny315.tictactoeUITests;
				PRODUCT_NAME = "$(TARGET_NAME)";
				SWIFT_VERSION = 3.0;
				TEST_TARGET_NAME = tictactoe;
			};
			name = Release;
		};
/* End XCBuildConfiguration section */

/* Begin XCConfigurationList section */
		8510F4241EC28AC300A030A1 /* Build configuration list for PBXProject "tictactoe" */ = {
			isa = XCConfigurationList;
			buildConfigurations = (
				8510F44F1EC28AC300A030A1 /* Debug */,
				8510F4501EC28AC300A030A1 /* Release */,
			);
			defaultConfigurationIsVisible = 0;
			defaultConfigurationName = Release;
		};
		8510F4511EC28AC300A030A1 /* Build configuration list for PBXNativeTarget "tictactoe" */ = {
			isa = XCConfigurationList;
			buildConfigurations = (
				8510F4521EC28AC300A030A1 /* Debug */,
				8510F4531EC28AC300A030A1 /* Release */,
			);
			defaultConfigurationIsVisible = 0;
		};
		8510F4541EC28AC300A030A1 /* Build configuration list for PBXNativeTarget "tictactoeTests" */ = {
			isa = XCConfigurationList;
			buildConfigurations = (
				8510F4551EC28AC300A030A1 /* Debug */,
				8510F4561EC28AC300A030A1 /* Release */,
			);
			defaultConfigurationIsVisible = 0;
		};
		8510F4571EC28AC300A030A1 /* Build configuration list for PBXNativeTarget "tictactoeUITests" */ = {
			isa = XCConfigurationList;
			buildConfigurations = (
				8510F4581EC28AC300A030A1 /* Debug */,
				8510F4591EC28AC300A030A1 /* Release */,
			);
			defaultConfigurationIsVisible = 0;
		};
/* End XCConfigurationList section */
	};
	rootObject = 8510F4211EC28AC300A030A1 /* Project object */;
}
